// !$*UTF8*$!
{
	archiveVersion = 1;
	classes = {
	};
	objectVersion = 56;
	objects = {

/* Begin PBXBuildFile section */
		45A910702B0F5E9F001BA9B8 /* _1days__ios_versionApp.swift in Sources */ = {isa = PBXBuildFile; fileRef = 45A9106F2B0F5E9F001BA9B8 /* _1days__ios_versionApp.swift */; };
		45A910722B0F5E9F001BA9B8 /* ContentView.swift in Sources */ = {isa = PBXBuildFile; fileRef = 45A910712B0F5E9F001BA9B8 /* ContentView.swift */; };
		45A910742B0F5EA0001BA9B8 /* Assets.xcassets in Resources */ = {isa = PBXBuildFile; fileRef = 45A910732B0F5EA0001BA9B8 /* Assets.xcassets */; };
		45A910772B0F5EA0001BA9B8 /* Preview Assets.xcassets in Resources */ = {isa = PBXBuildFile; fileRef = 45A910762B0F5EA0001BA9B8 /* Preview Assets.xcassets */; };
		45A910802B0F5EE1001BA9B8 /* page1.swift in Sources */ = {isa = PBXBuildFile; fileRef = 45A9107F2B0F5EE1001BA9B8 /* page1.swift */; };
		45A910822B0F5EED001BA9B8 /* page2.swift in Sources */ = {isa = PBXBuildFile; fileRef = 45A910812B0F5EED001BA9B8 /* page2.swift */; };
		45A910842B0F5EF6001BA9B8 /* page3.swift in Sources */ = {isa = PBXBuildFile; fileRef = 45A910832B0F5EF6001BA9B8 /* page3.swift */; };
		45A910862B0F5F02001BA9B8 /* page4.swift in Sources */ = {isa = PBXBuildFile; fileRef = 45A910852B0F5F02001BA9B8 /* page4.swift */; };
		45A910882B0F5FE9001BA9B8 /* Today.swift in Sources */ = {isa = PBXBuildFile; fileRef = 45A910872B0F5FE9001BA9B8 /* Today.swift */; };
		45A9108A2B0F60CC001BA9B8 /* SwiftUIView.swift in Sources */ = {isa = PBXBuildFile; fileRef = 45A910892B0F60CC001BA9B8 /* SwiftUIView.swift */; };
/* End PBXBuildFile section */

/* Begin PBXFileReference section */
		45A9106C2B0F5E9F001BA9B8 /* 21days -ios version.app */ = {isa = PBXFileReference; explicitFileType = wrapper.application; includeInIndex = 0; path = "21days -ios version.app"; sourceTree = BUILT_PRODUCTS_DIR; };
		45A9106F2B0F5E9F001BA9B8 /* _1days__ios_versionApp.swift */ = {isa = PBXFileReference; lastKnownFileType = sourcecode.swift; path = _1days__ios_versionApp.swift; sourceTree = "<group>"; };
		45A910712B0F5E9F001BA9B8 /* ContentView.swift */ = {isa = PBXFileReference; lastKnownFileType = sourcecode.swift; path = ContentView.swift; sourceTree = "<group>"; };
		45A910732B0F5EA0001BA9B8 /* Assets.xcassets */ = {isa = PBXFileReference; lastKnownFileType = folder.assetcatalog; path = Assets.xcassets; sourceTree = "<group>"; };
		45A910762B0F5EA0001BA9B8 /* Preview Assets.xcassets */ = {isa = PBXFileReference; lastKnownFileType = folder.assetcatalog; path = "Preview Assets.xcassets"; sourceTree = "<group>"; };
		45A9107F2B0F5EE1001BA9B8 /* page1.swift */ = {isa = PBXFileReference; lastKnownFileType = sourcecode.swift; path = page1.swift; sourceTree = "<group>"; };
		45A910812B0F5EED001BA9B8 /* page2.swift */ = {isa = PBXFileReference; lastKnownFileType = sourcecode.swift; path = page2.swift; sourceTree = "<group>"; };
		45A910832B0F5EF6001BA9B8 /* page3.swift */ = {isa = PBXFileReference; lastKnownFileType = sourcecode.swift; path = page3.swift; sourceTree = "<group>"; };
		45A910852B0F5F02001BA9B8 /* page4.swift */ = {isa = PBXFileReference; lastKnownFileType = sourcecode.swift; path = page4.swift; sourceTree = "<group>"; };
		45A910872B0F5FE9001BA9B8 /* Today.swift */ = {isa = PBXFileReference; lastKnownFileType = sourcecode.swift; path = Today.swift; sourceTree = "<group>"; };
		45A910892B0F60CC001BA9B8 /* SwiftUIView.swift */ = {isa = PBXFileReference; lastKnownFileType = sourcecode.swift; path = SwiftUIView.swift; sourceTree = "<group>"; };
/* End PBXFileReference section */

/* Begin PBXFrameworksBuildPhase section */
		45A910692B0F5E9F001BA9B8 /* Frameworks */ = {
			isa = PBXFrameworksBuildPhase;
			buildActionMask = 2147483647;
			files = (
			);
			runOnlyForDeploymentPostprocessing = 0;
		};
/* End PBXFrameworksBuildPhase section */

/* Begin PBXGroup section */
		45A910632B0F5E9F001BA9B8 = {
			isa = PBXGroup;
			children = (
				45A9106E2B0F5E9F001BA9B8 /* 21days -ios version */,
				45A9106D2B0F5E9F001BA9B8 /* Products */,
			);
			sourceTree = "<group>";
		};
		45A9106D2B0F5E9F001BA9B8 /* Products */ = {
			isa = PBXGroup;
			children = (
				45A9106C2B0F5E9F001BA9B8 /* 21days -ios version.app */,
			);
			name = Products;
			sourceTree = "<group>";
		};
		45A9106E2B0F5E9F001BA9B8 /* 21days -ios version */ = {
			isa = PBXGroup;
			children = (
				45A9106F2B0F5E9F001BA9B8 /* _1days__ios_versionApp.swift */,
				45A910712B0F5E9F001BA9B8 /* ContentView.swift */,
				45A910732B0F5EA0001BA9B8 /* Assets.xcassets */,
				45A910752B0F5EA0001BA9B8 /* Preview Content */,
				45A9107F2B0F5EE1001BA9B8 /* page1.swift */,
				45A910812B0F5EED001BA9B8 /* page2.swift */,
				45A910832B0F5EF6001BA9B8 /* page3.swift */,
				45A910852B0F5F02001BA9B8 /* page4.swift */,
				45A910872B0F5FE9001BA9B8 /* Today.swift */,
				45A910892B0F60CC001BA9B8 /* SwiftUIView.swift */,
			);
			path = "21days -ios version";
			sourceTree = "<group>";
		};
		45A910752B0F5EA0001BA9B8 /* Preview Content */ = {
			isa = PBXGroup;
			children = (
				45A910762B0F5EA0001BA9B8 /* Preview Assets.xcassets */,
			);
			path = "Preview Content";
			sourceTree = "<group>";
		};
/* End PBXGroup section */

/* Begin PBXNativeTarget section */
		45A9106B2B0F5E9F001BA9B8 /* 21days -ios version */ = {
			isa = PBXNativeTarget;
			buildConfigurationList = 45A9107A2B0F5EA0001BA9B8 /* Build configuration list for PBXNativeTarget "21days -ios version" */;
			buildPhases = (
				45A910682B0F5E9F001BA9B8 /* Sources */,
				45A910692B0F5E9F001BA9B8 /* Frameworks */,
				45A9106A2B0F5E9F001BA9B8 /* Resources */,
			);
			buildRules = (
			);
			dependencies = (
			);
			name = "21days -ios version";
			productName = "21days -ios version";
			productReference = 45A9106C2B0F5E9F001BA9B8 /* 21days -ios version.app */;
			productType = "com.apple.product-type.application";
		};
/* End PBXNativeTarget section */

/* Begin PBXProject section */
		45A910642B0F5E9F001BA9B8 /* Project object */ = {
			isa = PBXProject;
			attributes = {
				BuildIndependentTargetsInParallel = 1;
				LastSwiftUpdateCheck = 1500;
				LastUpgradeCheck = 1500;
				TargetAttributes = {
					45A9106B2B0F5E9F001BA9B8 = {
						CreatedOnToolsVersion = 15.0.1;
					};
				};
			};
			buildConfigurationList = 45A910672B0F5E9F001BA9B8 /* Build configuration list for PBXProject "21days -ios version" */;
			compatibilityVersion = "Xcode 14.0";
			developmentRegion = en;
			hasScannedForEncodings = 0;
			knownRegions = (
				en,
				Base,
			);
			mainGroup = 45A910632B0F5E9F001BA9B8;
			productRefGroup = 45A9106D2B0F5E9F001BA9B8 /* Products */;
			projectDirPath = "";
			projectRoot = "";
			targets = (
				45A9106B2B0F5E9F001BA9B8 /* 21days -ios version */,
			);
		};
/* End PBXProject section */

/* Begin PBXResourcesBuildPhase section */
		45A9106A2B0F5E9F001BA9B8 /* Resources */ = {
			isa = PBXResourcesBuildPhase;
			buildActionMask = 2147483647;
			files = (
				45A910772B0F5EA0001BA9B8 /* Preview Assets.xcassets in Resources */,
				45A910742B0F5EA0001BA9B8 /* Assets.xcassets in Resources */,
			);
			runOnlyForDeploymentPostprocessing = 0;
		};
/* End PBXResourcesBuildPhase section */

/* Begin PBXSourcesBuildPhase section */
		45A910682B0F5E9F001BA9B8 /* Sources */ = {
			isa = PBXSourcesBuildPhase;
			buildActionMask = 2147483647;
			files = (
				45A910802B0F5EE1001BA9B8 /* page1.swift in Sources */,
				45A910722B0F5E9F001BA9B8 /* ContentView.swift in Sources */,
				45A9108A2B0F60CC001BA9B8 /* SwiftUIView.swift in Sources */,
				45A910842B0F5EF6001BA9B8 /* page3.swift in Sources */,
				45A910702B0F5E9F001BA9B8 /* _1days__ios_versionApp.swift in Sources */,
				45A910862B0F5F02001BA9B8 /* page4.swift in Sources */,
				45A910822B0F5EED001BA9B8 /* page2.swift in Sources */,
				45A910882B0F5FE9001BA9B8 /* Today.swift in Sources */,
			);
			runOnlyForDeploymentPostprocessing = 0;
		};
/* End PBXSourcesBuildPhase section */

/* Begin XCBuildConfiguration section */
		45A910782B0F5EA0001BA9B8 /* Debug */ = {
			isa = XCBuildConfiguration;
			buildSettings = {
				ALWAYS_SEARCH_USER_PATHS = NO;
				ASSETCATALOG_COMPILER_GENERATE_SWIFT_ASSET_SYMBOL_EXTENSIONS = YES;
				CLANG_ANALYZER_NONNULL = YES;
				CLANG_ANALYZER_NUMBER_OBJECT_CONVERSION = YES_AGGRESSIVE;
				CLANG_CXX_LANGUAGE_STANDARD = "gnu++20";
				CLANG_ENABLE_MODULES = YES;
				CLANG_ENABLE_OBJC_ARC = YES;
				CLANG_ENABLE_OBJC_WEAK = YES;
				CLANG_WARN_BLOCK_CAPTURE_AUTORELEASING = YES;
				CLANG_WARN_BOOL_CONVERSION = YES;
				CLANG_WARN_COMMA = YES;
				CLANG_WARN_CONSTANT_CONVERSION = YES;
				CLANG_WARN_DEPRECATED_OBJC_IMPLEMENTATIONS = YES;
				CLANG_WARN_DIRECT_OBJC_ISA_USAGE = YES_ERROR;
				CLANG_WARN_DOCUMENTATION_COMMENTS = YES;
				CLANG_WARN_EMPTY_BODY = YES;
				CLANG_WARN_ENUM_CONVERSION = YES;
				CLANG_WARN_INFINITE_RECURSION = YES;
				CLANG_WARN_INT_CONVERSION = YES;
				CLANG_WARN_NON_LITERAL_NULL_CONVERSION = YES;
				CLANG_WARN_OBJC_IMPLICIT_RETAIN_SELF = YES;
				CLANG_WARN_OBJC_LITERAL_CONVERSION = YES;
				CLANG_WARN_OBJC_ROOT_CLASS = YES_ERROR;
				CLANG_WARN_QUOTED_INCLUDE_IN_FRAMEWORK_HEADER = YES;
				CLANG_WARN_RANGE_LOOP_ANALYSIS = YES;
				CLANG_WARN_STRICT_PROTOTYPES = YES;
				CLANG_WARN_SUSPICIOUS_MOVE = YES;
				CLANG_WARN_UNGUARDED_AVAILABILITY = YES_AGGRESSIVE;
				CLANG_WARN_UNREACHABLE_CODE = YES;
				CLANG_WARN__DUPLICATE_METHOD_MATCH = YES;
				COPY_PHASE_STRIP = NO;
				DEBUG_INFORMATION_FORMAT = dwarf;
				ENABLE_STRICT_OBJC_MSGSEND = YES;
				ENABLE_TESTABILITY = YES;
				ENABLE_USER_SCRIPT_SANDBOXING = YES;
				GCC_C_LANGUAGE_STANDARD = gnu17;
				GCC_DYNAMIC_NO_PIC = NO;
				GCC_NO_COMMON_BLOCKS = YES;
				GCC_OPTIMIZATION_LEVEL = 0;
				GCC_PREPROCESSOR_DEFINITIONS = (
					"DEBUG=1",
					"$(inherited)",
				);
				GCC_WARN_64_TO_32_BIT_CONVERSION = YES;
				GCC_WARN_ABOUT_RETURN_TYPE = YES_ERROR;
				GCC_WARN_UNDECLARED_SELECTOR = YES;
				GCC_WARN_UNINITIALIZED_AUTOS = YES_AGGRESSIVE;
				GCC_WARN_UNUSED_FUNCTION = YES;
				GCC_WARN_UNUSED_VARIABLE = YES;
				IPHONEOS_DEPLOYMENT_TARGET = 17.0;
				LOCALIZATION_PREFERS_STRING_CATALOGS = YES;
				MTL_ENABLE_DEBUG_INFO = INCLUDE_SOURCE;
				MTL_FAST_MATH = YES;
				ONLY_ACTIVE_ARCH = YES;
				SDKROOT = iphoneos;
				SWIFT_ACTIVE_COMPILATION_CONDITIONS = "DEBUG $(inherited)";
				SWIFT_OPTIMIZATION_LEVEL = "-Onone";
			};
			name = Debug;
		};
		45A910792B0F5EA0001BA9B8 /* Release */ = {
			isa = XCBuildConfiguration;
			buildSettings = {
				ALWAYS_SEARCH_USER_PATHS = NO;
				ASSETCATALOG_COMPILER_GENERATE_SWIFT_ASSET_SYMBOL_EXTENSIONS = YES;
				CLANG_ANALYZER_NONNULL = YES;
				CLANG_ANALYZER_NUMBER_OBJECT_CONVERSION = YES_AGGRESSIVE;
				CLANG_CXX_LANGUAGE_STANDARD = "gnu++20";
				CLANG_ENABLE_MODULES = YES;
				CLANG_ENABLE_OBJC_ARC = YES;
				CLANG_ENABLE_OBJC_WEAK = YES;
				CLANG_WARN_BLOCK_CAPTURE_AUTORELEASING = YES;
				CLANG_WARN_BOOL_CONVERSION = YES;
				CLANG_WARN_COMMA = YES;
				CLANG_WARN_CONSTANT_CONVERSION = YES;
				CLANG_WARN_DEPRECATED_OBJC_IMPLEMENTATIONS = YES;
				CLANG_WARN_DIRECT_OBJC_ISA_USAGE = YES_ERROR;
				CLANG_WARN_DOCUMENTATION_COMMENTS = YES;
				CLANG_WARN_EMPTY_BODY = YES;
				CLANG_WARN_ENUM_CONVERSION = YES;
				CLANG_WARN_INFINITE_RECURSION = YES;
				CLANG_WARN_INT_CONVERSION = YES;
				CLANG_WARN_NON_LITERAL_NULL_CONVERSION = YES;
				CLANG_WARN_OBJC_IMPLICIT_RETAIN_SELF = YES;
				CLANG_WARN_OBJC_LITERAL_CONVERSION = YES;
				CLANG_WARN_OBJC_ROOT_CLASS = YES_ERROR;
				CLANG_WARN_QUOTED_INCLUDE_IN_FRAMEWORK_HEADER = YES;
				CLANG_WARN_RANGE_LOOP_ANALYSIS = YES;
				CLANG_WARN_STRICT_PROTOTYPES = YES;
				CLANG_WARN_SUSPICIOUS_MOVE = YES;
				CLANG_WARN_UNGUARDED_AVAILABILITY = YES_AGGRESSIVE;
				CLANG_WARN_UNREACHABLE_CODE = YES;
				CLANG_WARN__DUPLICATE_METHOD_MATCH = YES;
				COPY_PHASE_STRIP = NO;
				DEBUG_INFORMATION_FORMAT = "dwarf-with-dsym";
				ENABLE_NS_ASSERTIONS = NO;
				ENABLE_STRICT_OBJC_MSGSEND = YES;
				ENABLE_USER_SCRIPT_SANDBOXING = YES;
				GCC_C_LANGUAGE_STANDARD = gnu17;
				GCC_NO_COMMON_BLOCKS = YES;
				GCC_WARN_64_TO_32_BIT_CONVERSION = YES;
				GCC_WARN_ABOUT_RETURN_TYPE = YES_ERROR;
				GCC_WARN_UNDECLARED_SELECTOR = YES;
				GCC_WARN_UNINITIALIZED_AUTOS = YES_AGGRESSIVE;
				GCC_WARN_UNUSED_FUNCTION = YES;
				GCC_WARN_UNUSED_VARIABLE = YES;
				IPHONEOS_DEPLOYMENT_TARGET = 17.0;
				LOCALIZATION_PREFERS_STRING_CATALOGS = YES;
				MTL_ENABLE_DEBUG_INFO = NO;
				MTL_FAST_MATH = YES;
				SDKROOT = iphoneos;
				SWIFT_COMPILATION_MODE = wholemodule;
				VALIDATE_PRODUCT = YES;
			};
			name = Release;
		};
		45A9107B2B0F5EA0001BA9B8 /* Debug */ = {
			isa = XCBuildConfiguration;
			buildSettings = {
				ASSETCATALOG_COMPILER_APPICON_NAME = AppIcon;
				ASSETCATALOG_COMPILER_GLOBAL_ACCENT_COLOR_NAME = AccentColor;
				CODE_SIGN_STYLE = Automatic;
				CURRENT_PROJECT_VERSION = 1;
				DEVELOPMENT_ASSET_PATHS = "\"21days -ios version/Preview Content\"";
				DEVELOPMENT_TEAM = D68VDD7SGB;
				ENABLE_PREVIEWS = YES;
				GENERATE_INFOPLIST_FILE = YES;
				INFOPLIST_KEY_UIApplicationSceneManifest_Generation = YES;
				INFOPLIST_KEY_UIApplicationSupportsIndirectInputEvents = YES;
				INFOPLIST_KEY_UILaunchScreen_Generation = YES;
				INFOPLIST_KEY_UISupportedInterfaceOrientations_iPad = "UIInterfaceOrientationPortrait UIInterfaceOrientationPortraitUpsideDown UIInterfaceOrientationLandscapeLeft UIInterfaceOrientationLandscapeRight";
				INFOPLIST_KEY_UISupportedInterfaceOrientations_iPhone = "UIInterfaceOrientationPortrait UIInterfaceOrientationLandscapeLeft UIInterfaceOrientationLandscapeRight";
				LD_RUNPATH_SEARCH_PATHS = (
					"$(inherited)",
					"@executable_path/Frameworks",
				);
				MARKETING_VERSION = 1.0;
				PRODUCT_BUNDLE_IDENTIFIER = "com.shagha.-1days--ios-version";
				PRODUCT_NAME = "$(TARGET_NAME)";
				SWIFT_EMIT_LOC_STRINGS = YES;
				SWIFT_VERSION = 5.0;
				TARGETED_DEVICE_FAMILY = "1,2";
			};
			name = Debug;
		};
		45A9107C2B0F5EA0001BA9B8 /* Release */ = {
			isa = XCBuildConfiguration;
			buildSettings = {
				ASSETCATALOG_COMPILER_APPICON_NAME = AppIcon;
				ASSETCATALOG_COMPILER_GLOBAL_ACCENT_COLOR_NAME = AccentColor;
				CODE_SIGN_STYLE = Automatic;
				CURRENT_PROJECT_VERSION = 1;
				DEVELOPMENT_ASSET_PATHS = "\"21days -ios version/Preview Content\"";
				DEVELOPMENT_TEAM = D68VDD7SGB;
				ENABLE_PREVIEWS = YES;
				GENERATE_INFOPLIST_FILE = YES;
				INFOPLIST_KEY_UIApplicationSceneManifest_Generation = YES;
				INFOPLIST_KEY_UIApplicationSupportsIndirectInputEvents = YES;
				INFOPLIST_KEY_UILaunchScreen_Generation = YES;
				INFOPLIST_KEY_UISupportedInterfaceOrientations_iPad = "UIInterfaceOrientationPortrait UIInterfaceOrientationPortraitUpsideDown UIInterfaceOrientationLandscapeLeft UIInterfaceOrientationLandscapeRight";
				INFOPLIST_KEY_UISupportedInterfaceOrientations_iPhone = "UIInterfaceOrientationPortrait UIInterfaceOrientationLandscapeLeft UIInterfaceOrientationLandscapeRight";
				LD_RUNPATH_SEARCH_PATHS = (
					"$(inherited)",
					"@executable_path/Frameworks",
				);
				MARKETING_VERSION = 1.0;
				PRODUCT_BUNDLE_IDENTIFIER = "com.shagha.-1days--ios-version";
				PRODUCT_NAME = "$(TARGET_NAME)";
				SWIFT_EMIT_LOC_STRINGS = YES;
				SWIFT_VERSION = 5.0;
				TARGETED_DEVICE_FAMILY = "1,2";
			};
			name = Release;
		};
/* End XCBuildConfiguration section */

/* Begin XCConfigurationList section */
		45A910672B0F5E9F001BA9B8 /* Build configuration list for PBXProject "21days -ios version" */ = {
			isa = XCConfigurationList;
			buildConfigurations = (
				45A910782B0F5EA0001BA9B8 /* Debug */,
				45A910792B0F5EA0001BA9B8 /* Release */,
			);
			defaultConfigurationIsVisible = 0;
			defaultConfigurationName = Release;
		};
		45A9107A2B0F5EA0001BA9B8 /* Build configuration list for PBXNativeTarget "21days -ios version" */ = {
			isa = XCConfigurationList;
			buildConfigurations = (
				45A9107B2B0F5EA0001BA9B8 /* Debug */,
				45A9107C2B0F5EA0001BA9B8 /* Release */,
			);
			defaultConfigurationIsVisible = 0;
			defaultConfigurationName = Release;
		};
/* End XCConfigurationList section */
	};
	rootObject = 45A910642B0F5E9F001BA9B8 /* Project object */;
}
